<?xml version="1.0" encoding="UTF-8"?>
<Scheme
   LastUpgradeVersion = "1010"
   version = "1.3">
   <BuildAction
      parallelizeBuildables = "YES"
      buildImplicitDependencies = "YES">
      <BuildActionEntries>
         <BuildActionEntry
            buildForTesting = "YES"
            buildForRunning = "YES"
            buildForProfiling = "YES"
            buildForArchiving = "YES"
            buildForAnalyzing = "YES">
            <BuildableReference
               BuildableIdentifier = "primary"
               BlueprintIdentifier = "AFAE227FF8609D1D437539E8"
               BuildableName = "AlgoFullgo.app"
               BlueprintName = "AlgoFullgo"
               ReferencedContainer = "container:AlgoFullgo.xcodeproj">
            </BuildableReference>
         </BuildActionEntry>
         <BuildActionEntry
            buildForTesting = "YES"
            buildForRunning = "YES"
            buildForProfiling = "YES"
            buildForArchiving = "YES"
            buildForAnalyzing = "YES">
            <BuildableReference
               BuildableIdentifier = "primary"
               BlueprintIdentifier = "16F735B56F1115E2CB79A6E0"
               BuildableName = "AlgoFullgoCore.framework"
               BlueprintName = "AlgoFullgoCore"
               ReferencedContainer = "container:AlgoFullgo.xcodeproj">
            </BuildableReference>
         </BuildActionEntry>
         <BuildActionEntry
            buildForTesting = "YES"
            buildForRunning = "YES"
            buildForProfiling = "YES"
            buildForArchiving = "YES"
            buildForAnalyzing = "YES">
            <BuildableReference
               BuildableIdentifier = "primary"
               BlueprintIdentifier = "F27EB83BABADF865C6C987B7"
               BuildableName = "AlgoFullgoCoreTests.xctest"
               BlueprintName = "AlgoFullgoCoreTests"
               ReferencedContainer = "container:AlgoFullgo.xcodeproj">
            </BuildableReference>
         </BuildActionEntry>
         <BuildActionEntry
            buildForTesting = "YES"
            buildForRunning = "YES"
            buildForProfiling = "YES"
            buildForArchiving = "YES"
            buildForAnalyzing = "YES">
            <BuildableReference
               BuildableIdentifier = "primary"
               BlueprintIdentifier = "10B6870B3B77BBA5DD2BC596"
               BuildableName = "AlgoFullgoCreate.framework"
               BlueprintName = "AlgoFullgoCreate"
               ReferencedContainer = "container:AlgoFullgo.xcodeproj">
            </BuildableReference>
         </BuildActionEntry>
         <BuildActionEntry
            buildForTesting = "YES"
            buildForRunning = "YES"
            buildForProfiling = "YES"
            buildForArchiving = "YES"
            buildForAnalyzing = "YES">
            <BuildableReference
               BuildableIdentifier = "primary"
               BlueprintIdentifier = "11884838EFCBE0066082F473"
               BuildableName = "AlgoFullgoCreateTests.xctest"
               BlueprintName = "AlgoFullgoCreateTests"
               ReferencedContainer = "container:AlgoFullgo.xcodeproj">
            </BuildableReference>
         </BuildActionEntry>
         <BuildActionEntry
            buildForTesting = "YES"
            buildForRunning = "YES"
            buildForProfiling = "YES"
            buildForArchiving = "YES"
            buildForAnalyzing = "YES">
            <BuildableReference
               BuildableIdentifier = "primary"
               BlueprintIdentifier = "041B704827A5118DB6B200BA"
               BuildableName = "AlgoFullgoLogin.framework"
               BlueprintName = "AlgoFullgoLogin"
               ReferencedContainer = "container:AlgoFullgo.xcodeproj">
            </BuildableReference>
         </BuildActionEntry>
         <BuildActionEntry
            buildForTesting = "YES"
            buildForRunning = "YES"
            buildForProfiling = "YES"
            buildForArchiving = "YES"
            buildForAnalyzing = "YES">
            <BuildableReference
               BuildableIdentifier = "primary"
               BlueprintIdentifier = "16EDAEE6CFE90280680EF012"
               BuildableName = "AlgoFullgoLoginTests.xctest"
               BlueprintName = "AlgoFullgoLoginTests"
               ReferencedContainer = "container:AlgoFullgo.xcodeproj">
            </BuildableReference>
         </BuildActionEntry>
         <BuildActionEntry
            buildForTesting = "YES"
            buildForRunning = "YES"
            buildForProfiling = "YES"
            buildForArchiving = "YES"
            buildForAnalyzing = "YES">
            <BuildableReference
               BuildableIdentifier = "primary"
               BlueprintIdentifier = "CFF881AC6495176C908F4013"
               BuildableName = "AlgoFullgoMain.framework"
               BlueprintName = "AlgoFullgoMain"
               ReferencedContainer = "container:AlgoFullgo.xcodeproj">
            </BuildableReference>
         </BuildActionEntry>
         <BuildActionEntry
            buildForTesting = "YES"
            buildForRunning = "YES"
            buildForProfiling = "YES"
            buildForArchiving = "YES"
            buildForAnalyzing = "YES">
            <BuildableReference
               BuildableIdentifier = "primary"
               BlueprintIdentifier = "391A346138C10D884679240C"
               BuildableName = "AlgoFullgoMainTests.xctest"
               BlueprintName = "AlgoFullgoMainTests"
               ReferencedContainer = "container:AlgoFullgo.xcodeproj">
            </BuildableReference>
         </BuildActionEntry>
         <BuildActionEntry
            buildForTesting = "YES"
            buildForRunning = "YES"
            buildForProfiling = "YES"
            buildForArchiving = "YES"
            buildForAnalyzing = "YES">
            <BuildableReference
               BuildableIdentifier = "primary"
               BlueprintIdentifier = "FD60876E9A232323309B0698"
               BuildableName = "AlgoFullgoSettings.framework"
               BlueprintName = "AlgoFullgoSettings"
               ReferencedContainer = "container:AlgoFullgo.xcodeproj">
            </BuildableReference>
         </BuildActionEntry>
         <BuildActionEntry
            buildForTesting = "YES"
            buildForRunning = "YES"
            buildForProfiling = "YES"
            buildForArchiving = "YES"
            buildForAnalyzing = "YES">
            <BuildableReference
               BuildableIdentifier = "primary"
               BlueprintIdentifier = "F226F054FCA11AF1D86CED79"
               BuildableName = "AlgoFullgoSettingsTests.xctest"
               BlueprintName = "AlgoFullgoSettingsTests"
               ReferencedContainer = "container:AlgoFullgo.xcodeproj">
            </BuildableReference>
         </BuildActionEntry>
         <BuildActionEntry
            buildForTesting = "YES"
            buildForRunning = "YES"
            buildForProfiling = "YES"
            buildForArchiving = "YES"
            buildForAnalyzing = "YES">
            <BuildableReference
               BuildableIdentifier = "primary"
               BlueprintIdentifier = "AF5F2742AF709FDCEC6EC0AA"
               BuildableName = "AlgoFullgoTests.xctest"
               BlueprintName = "AlgoFullgoTests"
               ReferencedContainer = "container:AlgoFullgo.xcodeproj">
            </BuildableReference>
         </BuildActionEntry>
      </BuildActionEntries>
   </BuildAction>
   <TestAction
      buildConfiguration = "Debug"
      selectedDebuggerIdentifier = "Xcode.DebuggerFoundation.Debugger.LLDB"
      selectedLauncherIdentifier = "Xcode.DebuggerFoundation.Launcher.LLDB"
      shouldUseLaunchSchemeArgsEnv = "YES">
      <Testables>
         <TestableReference
            skipped = "NO">
            <BuildableReference
               BuildableIdentifier = "primary"
               BlueprintIdentifier = "F27EB83BABADF865C6C987B7"
               BuildableName = "AlgoFullgoCoreTests.xctest"
               BlueprintName = "AlgoFullgoCoreTests"
               ReferencedContainer = "container:AlgoFullgo.xcodeproj">
            </BuildableReference>
         </TestableReference>
         <TestableReference
            skipped = "NO">
            <BuildableReference
               BuildableIdentifier = "primary"
               BlueprintIdentifier = "11884838EFCBE0066082F473"
               BuildableName = "AlgoFullgoCreateTests.xctest"
               BlueprintName = "AlgoFullgoCreateTests"
               ReferencedContainer = "container:AlgoFullgo.xcodeproj">
            </BuildableReference>
         </TestableReference>
         <TestableReference
            skipped = "NO">
            <BuildableReference
               BuildableIdentifier = "primary"
               BlueprintIdentifier = "16EDAEE6CFE90280680EF012"
               BuildableName = "AlgoFullgoLoginTests.xctest"
               BlueprintName = "AlgoFullgoLoginTests"
               ReferencedContainer = "container:AlgoFullgo.xcodeproj">
            </BuildableReference>
         </TestableReference>
         <TestableReference
            skipped = "NO">
            <BuildableReference
               BuildableIdentifier = "primary"
               BlueprintIdentifier = "391A346138C10D884679240C"
               BuildableName = "AlgoFullgoMainTests.xctest"
               BlueprintName = "AlgoFullgoMainTests"
               ReferencedContainer = "container:AlgoFullgo.xcodeproj">
            </BuildableReference>
         </TestableReference>
         <TestableReference
            skipped = "NO">
            <BuildableReference
               BuildableIdentifier = "primary"
               BlueprintIdentifier = "F226F054FCA11AF1D86CED79"
               BuildableName = "AlgoFullgoSettingsTests.xctest"
               BlueprintName = "AlgoFullgoSettingsTests"
               ReferencedContainer = "container:AlgoFullgo.xcodeproj">
            </BuildableReference>
         </TestableReference>
         <TestableReference
            skipped = "NO">
            <BuildableReference
               BuildableIdentifier = "primary"
               BlueprintIdentifier = "AF5F2742AF709FDCEC6EC0AA"
               BuildableName = "AlgoFullgoTests.xctest"
               BlueprintName = "AlgoFullgoTests"
               ReferencedContainer = "container:AlgoFullgo.xcodeproj">
            </BuildableReference>
         </TestableReference>
      </Testables>
   </TestAction>
   <LaunchAction
      buildConfiguration = "Debug"
      selectedDebuggerIdentifier = "Xcode.DebuggerFoundation.Debugger.LLDB"
      selectedLauncherIdentifier = "Xcode.DebuggerFoundation.Launcher.LLDB"
      launchStyle = "0"
      useCustomWorkingDirectory = "NO"
      ignoresPersistentStateOnLaunch = "NO"
      debugDocumentVersioning = "YES"
      debugServiceExtension = "internal"
      allowLocationSimulation = "YES">
      <BuildableProductRunnable
         runnableDebuggingMode = "0">
         <BuildableReference
            BuildableIdentifier = "primary"
            BlueprintIdentifier = "AFAE227FF8609D1D437539E8"
            BuildableName = "AlgoFullgo.app"
            BlueprintName = "AlgoFullgo"
            ReferencedContainer = "container:AlgoFullgo.xcodeproj">
         </BuildableReference>
      </BuildableProductRunnable>
   </LaunchAction>
   <ProfileAction
      buildConfiguration = "Release"
      shouldUseLaunchSchemeArgsEnv = "YES"
      savedToolIdentifier = ""
      useCustomWorkingDirectory = "NO"
      debugDocumentVersioning = "YES">
      <BuildableProductRunnable
         runnableDebuggingMode = "0">
         <BuildableReference
            BuildableIdentifier = "primary"
            BlueprintIdentifier = "AFAE227FF8609D1D437539E8"
            BuildableName = "AlgoFullgo.app"
            BlueprintName = "AlgoFullgo"
            ReferencedContainer = "container:AlgoFullgo.xcodeproj">
         </BuildableReference>
      </BuildableProductRunnable>
   </ProfileAction>
   <AnalyzeAction
      buildConfiguration = "Debug">
   </AnalyzeAction>
   <ArchiveAction
      buildConfiguration = "Release"
      revealArchiveInOrganizer = "YES">
   </ArchiveAction>
</Scheme>
